// !$*UTF8*$!
{
	archiveVersion = 1;
	classes = {
	};
	objectVersion = 46;
	objects = {

/* Begin PBXBuildFile section */
		BE2733F81F744C17004A7D66 /* AppDelegate.swift in Sources */ = {isa = PBXBuildFile; fileRef = BE2733F71F744C17004A7D66 /* AppDelegate.swift */; };
		BE2733FA1F744C17004A7D66 /* ViewController.swift in Sources */ = {isa = PBXBuildFile; fileRef = BE2733F91F744C17004A7D66 /* ViewController.swift */; };
		BE2733FD1F744C17004A7D66 /* Main.storyboard in Resources */ = {isa = PBXBuildFile; fileRef = BE2733FB1F744C17004A7D66 /* Main.storyboard */; };
		BE2733FF1F744C17004A7D66 /* Assets.xcassets in Resources */ = {isa = PBXBuildFile; fileRef = BE2733FE1F744C17004A7D66 /* Assets.xcassets */; };
		BE2734021F744C17004A7D66 /* LaunchScreen.storyboard in Resources */ = {isa = PBXBuildFile; fileRef = BE2734001F744C17004A7D66 /* LaunchScreen.storyboard */; };
		BE27340D1F744C17004A7D66 /* MBTodoTests.swift in Sources */ = {isa = PBXBuildFile; fileRef = BE27340C1F744C17004A7D66 /* MBTodoTests.swift */; };
		BE2734181F744C17004A7D66 /* MBTodoUITests.swift in Sources */ = {isa = PBXBuildFile; fileRef = BE2734171F744C17004A7D66 /* MBTodoUITests.swift */; };
/* End PBXBuildFile section */

/* Begin PBXContainerItemProxy section */
		BE2734091F744C17004A7D66 /* PBXContainerItemProxy */ = {
			isa = PBXContainerItemProxy;
			containerPortal = BE2733EC1F744C17004A7D66 /* Project object */;
			proxyType = 1;
			remoteGlobalIDString = BE2733F31F744C17004A7D66;
			remoteInfo = MBTodo;
		};
		BE2734141F744C17004A7D66 /* PBXContainerItemProxy */ = {
			isa = PBXContainerItemProxy;
			containerPortal = BE2733EC1F744C17004A7D66 /* Project object */;
			proxyType = 1;
			remoteGlobalIDString = BE2733F31F744C17004A7D66;
			remoteInfo = MBTodo;
		};
/* End PBXContainerItemProxy section */

/* Begin PBXFileReference section */
		BE2733F41F744C17004A7D66 /* MBTodo.app */ = {isa = PBXFileReference; explicitFileType = wrapper.application; includeInIndex = 0; path = MBTodo.app; sourceTree = BUILT_PRODUCTS_DIR; };
		BE2733F71F744C17004A7D66 /* AppDelegate.swift */ = {isa = PBXFileReference; lastKnownFileType = sourcecode.swift; path = AppDelegate.swift; sourceTree = "<group>"; };
		BE2733F91F744C17004A7D66 /* ViewController.swift */ = {isa = PBXFileReference; lastKnownFileType = sourcecode.swift; path = ViewController.swift; sourceTree = "<group>"; };
		BE2733FC1F744C17004A7D66 /* Base */ = {isa = PBXFileReference; lastKnownFileType = file.storyboard; name = Base; path = Base.lproj/Main.storyboard; sourceTree = "<group>"; };
		BE2733FE1F744C17004A7D66 /* Assets.xcassets */ = {isa = PBXFileReference; lastKnownFileType = folder.assetcatalog; path = Assets.xcassets; sourceTree = "<group>"; };
		BE2734011F744C17004A7D66 /* Base */ = {isa = PBXFileReference; lastKnownFileType = file.storyboard; name = Base; path = Base.lproj/LaunchScreen.storyboard; sourceTree = "<group>"; };
		BE2734031F744C17004A7D66 /* Info.plist */ = {isa = PBXFileReference; lastKnownFileType = text.plist.xml; path = Info.plist; sourceTree = "<group>"; };
		BE2734081F744C17004A7D66 /* MBTodoTests.xctest */ = {isa = PBXFileReference; explicitFileType = wrapper.cfbundle; includeInIndex = 0; path = MBTodoTests.xctest; sourceTree = BUILT_PRODUCTS_DIR; };
		BE27340C1F744C17004A7D66 /* MBTodoTests.swift */ = {isa = PBXFileReference; lastKnownFileType = sourcecode.swift; path = MBTodoTests.swift; sourceTree = "<group>"; };
		BE27340E1F744C17004A7D66 /* Info.plist */ = {isa = PBXFileReference; lastKnownFileType = text.plist.xml; path = Info.plist; sourceTree = "<group>"; };
		BE2734131F744C17004A7D66 /* MBTodoUITests.xctest */ = {isa = PBXFileReference; explicitFileType = wrapper.cfbundle; includeInIndex = 0; path = MBTodoUITests.xctest; sourceTree = BUILT_PRODUCTS_DIR; };
		BE2734171F744C17004A7D66 /* MBTodoUITests.swift */ = {isa = PBXFileReference; lastKnownFileType = sourcecode.swift; path = MBTodoUITests.swift; sourceTree = "<group>"; };
		BE2734191F744C17004A7D66 /* Info.plist */ = {isa = PBXFileReference; lastKnownFileType = text.plist.xml; path = Info.plist; sourceTree = "<group>"; };
/* End PBXFileReference section */

/* Begin PBXFrameworksBuildPhase section */
		BE2733F11F744C17004A7D66 /* Frameworks */ = {
			isa = PBXFrameworksBuildPhase;
			buildActionMask = 2147483647;
			files = (
			);
			runOnlyForDeploymentPostprocessing = 0;
		};
		BE2734051F744C17004A7D66 /* Frameworks */ = {
			isa = PBXFrameworksBuildPhase;
			buildActionMask = 2147483647;
			files = (
			);
			runOnlyForDeploymentPostprocessing = 0;
		};
		BE2734101F744C17004A7D66 /* Frameworks */ = {
			isa = PBXFrameworksBuildPhase;
			buildActionMask = 2147483647;
			files = (
			);
			runOnlyForDeploymentPostprocessing = 0;
		};
/* End PBXFrameworksBuildPhase section */

/* Begin PBXGroup section */
		BE2733EB1F744C17004A7D66 = {
			isa = PBXGroup;
			children = (
				BE2733F61F744C17004A7D66 /* MBTodo */,
				BE27340B1F744C17004A7D66 /* MBTodoTests */,
				BE2734161F744C17004A7D66 /* MBTodoUITests */,
				BE2733F51F744C17004A7D66 /* Products */,
			);
			sourceTree = "<group>";
		};
		BE2733F51F744C17004A7D66 /* Products */ = {
			isa = PBXGroup;
			children = (
				BE2733F41F744C17004A7D66 /* MBTodo.app */,
				BE2734081F744C17004A7D66 /* MBTodoTests.xctest */,
				BE2734131F744C17004A7D66 /* MBTodoUITests.xctest */,
			);
			name = Products;
			sourceTree = "<group>";
		};
		BE2733F61F744C17004A7D66 /* MBTodo */ = {
			isa = PBXGroup;
			children = (
				BE2733F71F744C17004A7D66 /* AppDelegate.swift */,
				BE2733F91F744C17004A7D66 /* ViewController.swift */,
				BE2733FB1F744C17004A7D66 /* Main.storyboard */,
				BE2733FE1F744C17004A7D66 /* Assets.xcassets */,
				BE2734001F744C17004A7D66 /* LaunchScreen.storyboard */,
				BE2734031F744C17004A7D66 /* Info.plist */,
			);
			path = MBTodo;
			sourceTree = "<group>";
		};
		BE27340B1F744C17004A7D66 /* MBTodoTests */ = {
			isa = PBXGroup;
			children = (
				BE27340C1F744C17004A7D66 /* MBTodoTests.swift */,
				BE27340E1F744C17004A7D66 /* Info.plist */,
			);
			path = MBTodoTests;
			sourceTree = "<group>";
		};
		BE2734161F744C17004A7D66 /* MBTodoUITests */ = {
			isa = PBXGroup;
			children = (
				BE2734171F744C17004A7D66 /* MBTodoUITests.swift */,
				BE2734191F744C17004A7D66 /* Info.plist */,
			);
			path = MBTodoUITests;
			sourceTree = "<group>";
		};
/* End PBXGroup section */

/* Begin PBXNativeTarget section */
		BE2733F31F744C17004A7D66 /* MBTodo */ = {
			isa = PBXNativeTarget;
			buildConfigurationList = BE27341C1F744C17004A7D66 /* Build configuration list for PBXNativeTarget "MBTodo" */;
			buildPhases = (
				BE2733F01F744C17004A7D66 /* Sources */,
				BE2733F11F744C17004A7D66 /* Frameworks */,
				BE2733F21F744C17004A7D66 /* Resources */,
			);
			buildRules = (
			);
			dependencies = (
			);
			name = MBTodo;
			productName = MBTodo;
			productReference = BE2733F41F744C17004A7D66 /* MBTodo.app */;
			productType = "com.apple.product-type.application";
		};
		BE2734071F744C17004A7D66 /* MBTodoTests */ = {
			isa = PBXNativeTarget;
			buildConfigurationList = BE27341F1F744C17004A7D66 /* Build configuration list for PBXNativeTarget "MBTodoTests" */;
			buildPhases = (
				BE2734041F744C17004A7D66 /* Sources */,
				BE2734051F744C17004A7D66 /* Frameworks */,
				BE2734061F744C17004A7D66 /* Resources */,
			);
			buildRules = (
			);
			dependencies = (
				BE27340A1F744C17004A7D66 /* PBXTargetDependency */,
			);
			name = MBTodoTests;
			productName = MBTodoTests;
			productReference = BE2734081F744C17004A7D66 /* MBTodoTests.xctest */;
			productType = "com.apple.product-type.bundle.unit-test";
		};
		BE2734121F744C17004A7D66 /* MBTodoUITests */ = {
			isa = PBXNativeTarget;
			buildConfigurationList = BE2734221F744C17004A7D66 /* Build configuration list for PBXNativeTarget "MBTodoUITests" */;
			buildPhases = (
				BE27340F1F744C17004A7D66 /* Sources */,
				BE2734101F744C17004A7D66 /* Frameworks */,
				BE2734111F744C17004A7D66 /* Resources */,
			);
			buildRules = (
			);
			dependencies = (
				BE2734151F744C17004A7D66 /* PBXTargetDependency */,
			);
			name = MBTodoUITests;
			productName = MBTodoUITests;
			productReference = BE2734131F744C17004A7D66 /* MBTodoUITests.xctest */;
			productType = "com.apple.product-type.bundle.ui-testing";
		};
/* End PBXNativeTarget section */

/* Begin PBXProject section */
		BE2733EC1F744C17004A7D66 /* Project object */ = {
			isa = PBXProject;
			attributes = {
				LastSwiftUpdateCheck = 0830;
				LastUpgradeCheck = 0830;
				ORGANIZATIONNAME = MB;
				TargetAttributes = {
					BE2733F31F744C17004A7D66 = {
						CreatedOnToolsVersion = 8.3.3;
						ProvisioningStyle = Automatic;
					};
					BE2734071F744C17004A7D66 = {
						CreatedOnToolsVersion = 8.3.3;
						ProvisioningStyle = Automatic;
						TestTargetID = BE2733F31F744C17004A7D66;
					};
					BE2734121F744C17004A7D66 = {
						CreatedOnToolsVersion = 8.3.3;
						ProvisioningStyle = Automatic;
						TestTargetID = BE2733F31F744C17004A7D66;
					};
				};
			};
			buildConfigurationList = BE2733EF1F744C17004A7D66 /* Build configuration list for PBXProject "MBTodo" */;
			compatibilityVersion = "Xcode 3.2";
			developmentRegion = English;
			hasScannedForEncodings = 0;
			knownRegions = (
				en,
				Base,
			);
			mainGroup = BE2733EB1F744C17004A7D66;
			productRefGroup = BE2733F51F744C17004A7D66 /* Products */;
			projectDirPath = "";
			projectRoot = "";
			targets = (
				BE2733F31F744C17004A7D66 /* MBTodo */,
				BE2734071F744C17004A7D66 /* MBTodoTests */,
				BE2734121F744C17004A7D66 /* MBTodoUITests */,
			);
		};
/* End PBXProject section */

/* Begin PBXResourcesBuildPhase section */
		BE2733F21F744C17004A7D66 /* Resources */ = {
			isa = PBXResourcesBuildPhase;
			buildActionMask = 2147483647;
			files = (
				BE2734021F744C17004A7D66 /* LaunchScreen.storyboard in Resources */,
				BE2733FF1F744C17004A7D66 /* Assets.xcassets in Resources */,
				BE2733FD1F744C17004A7D66 /* Main.storyboard in Resources */,
			);
			runOnlyForDeploymentPostprocessing = 0;
		};
		BE2734061F744C17004A7D66 /* Resources */ = {
			isa = PBXResourcesBuildPhase;
			buildActionMask = 2147483647;
			files = (
			);
			runOnlyForDeploymentPostprocessing = 0;
		};
		BE2734111F744C17004A7D66 /* Resources */ = {
			isa = PBXResourcesBuildPhase;
			buildActionMask = 2147483647;
			files = (
			);
			runOnlyForDeploymentPostprocessing = 0;
		};
/* End PBXResourcesBuildPhase section */

/* Begin PBXSourcesBuildPhase section */
		BE2733F01F744C17004A7D66 /* Sources */ = {
			isa = PBXSourcesBuildPhase;
			buildActionMask = 2147483647;
			files = (
				BE2733FA1F744C17004A7D66 /* ViewController.swift in Sources */,
				BE2733F81F744C17004A7D66 /* AppDelegate.swift in Sources */,
			);
			runOnlyForDeploymentPostprocessing = 0;
		};
		BE2734041F744C17004A7D66 /* Sources */ = {
			isa = PBXSourcesBuildPhase;
			buildActionMask = 2147483647;
			files = (
				BE27340D1F744C17004A7D66 /* MBTodoTests.swift in Sources */,
			);
			runOnlyForDeploymentPostprocessing = 0;
		};
		BE27340F1F744C17004A7D66 /* Sources */ = {
			isa = PBXSourcesBuildPhase;
			buildActionMask = 2147483647;
			files = (
				BE2734181F744C17004A7D66 /* MBTodoUITests.swift in Sources */,
			);
			runOnlyForDeploymentPostprocessing = 0;
		};
/* End PBXSourcesBuildPhase section */

/* Begin PBXTargetDependency section */
		BE27340A1F744C17004A7D66 /* PBXTargetDependency */ = {
			isa = PBXTargetDependency;
			target = BE2733F31F744C17004A7D66 /* MBTodo */;
			targetProxy = BE2734091F744C17004A7D66 /* PBXContainerItemProxy */;
		};
		BE2734151F744C17004A7D66 /* PBXTargetDependency */ = {
			isa = PBXTargetDependency;
			target = BE2733F31F744C17004A7D66 /* MBTodo */;
			targetProxy = BE2734141F744C17004A7D66 /* PBXContainerItemProxy */;
		};
/* End PBXTargetDependency section */

/* Begin PBXVariantGroup section */
		BE2733FB1F744C17004A7D66 /* Main.storyboard */ = {
			isa = PBXVariantGroup;
			children = (
				BE2733FC1F744C17004A7D66 /* Base */,
			);
			name = Main.storyboard;
			sourceTree = "<group>";
		};
		BE2734001F744C17004A7D66 /* LaunchScreen.storyboard */ = {
			isa = PBXVariantGroup;
			children = (
				BE2734011F744C17004A7D66 /* Base */,
			);
			name = LaunchScreen.storyboard;
			sourceTree = "<group>";
		};
/* End PBXVariantGroup section */

/* Begin XCBuildConfiguration section */
		BE27341A1F744C17004A7D66 /* Debug */ = {
			isa = XCBuildConfiguration;
			buildSettings = {
				ALWAYS_SEARCH_USER_PATHS = NO;
				CLANG_ANALYZER_NONNULL = YES;
				CLANG_ANALYZER_NUMBER_OBJECT_CONVERSION = YES_AGGRESSIVE;
				CLANG_CXX_LANGUAGE_STANDARD = "gnu++0x";
				CLANG_CXX_LIBRARY = "libc++";
				CLANG_ENABLE_MODULES = YES;
				CLANG_ENABLE_OBJC_ARC = YES;
				CLANG_WARN_BOOL_CONVERSION = YES;
				CLANG_WARN_CONSTANT_CONVERSION = YES;
				CLANG_WARN_DIRECT_OBJC_ISA_USAGE = YES_ERROR;
				CLANG_WARN_DOCUMENTATION_COMMENTS = YES;
				CLANG_WARN_EMPTY_BODY = YES;
				CLANG_WARN_ENUM_CONVERSION = YES;
				CLANG_WARN_INFINITE_RECURSION = YES;
				CLANG_WARN_INT_CONVERSION = YES;
				CLANG_WARN_OBJC_ROOT_CLASS = YES_ERROR;
				CLANG_WARN_SUSPICIOUS_MOVE = YES;
				CLANG_WARN_UNREACHABLE_CODE = YES;
				CLANG_WARN__DUPLICATE_METHOD_MATCH = YES;
				"CODE_SIGN_IDENTITY[sdk=iphoneos*]" = "iPhone Developer";
				COPY_PHASE_STRIP = NO;
				DEBUG_INFORMATION_FORMAT = dwarf;
				ENABLE_STRICT_OBJC_MSGSEND = YES;
				ENABLE_TESTABILITY = YES;
				GCC_C_LANGUAGE_STANDARD = gnu99;
				GCC_DYNAMIC_NO_PIC = NO;
				GCC_NO_COMMON_BLOCKS = YES;
				GCC_OPTIMIZATION_LEVEL = 0;
				GCC_PREPROCESSOR_DEFINITIONS = (
					"DEBUG=1",
					"$(inherited)",
				);
				GCC_WARN_64_TO_32_BIT_CONVERSION = YES;
				GCC_WARN_ABOUT_RETURN_TYPE = YES_ERROR;
				GCC_WARN_UNDECLARED_SELECTOR = YES;
				GCC_WARN_UNINITIALIZED_AUTOS = YES_AGGRESSIVE;
				GCC_WARN_UNUSED_FUNCTION = YES;
				GCC_WARN_UNUSED_VARIABLE = YES;
				IPHONEOS_DEPLOYMENT_TARGET = 10.3;
				MTL_ENABLE_DEBUG_INFO = YES;
				ONLY_ACTIVE_ARCH = YES;
				SDKROOT = iphoneos;
				SWIFT_ACTIVE_COMPILATION_CONDITIONS = DEBUG;
				SWIFT_OPTIMIZATION_LEVEL = "-Onone";
			};
			name = Debug;
		};
		BE27341B1F744C17004A7D66 /* Release */ = {
			isa = XCBuildConfiguration;
			buildSettings = {
				ALWAYS_SEARCH_USER_PATHS = NO;
				CLANG_ANALYZER_NONNULL = YES;
				CLANG_ANALYZER_NUMBER_OBJECT_CONVERSION = YES_AGGRESSIVE;
				CLANG_CXX_LANGUAGE_STANDARD = "gnu++0x";
				CLANG_CXX_LIBRARY = "libc++";
				CLANG_ENABLE_MODULES = YES;
				CLANG_ENABLE_OBJC_ARC = YES;
				CLANG_WARN_BOOL_CONVERSION = YES;
				CLANG_WARN_CONSTANT_CONVERSION = YES;
				CLANG_WARN_DIRECT_OBJC_ISA_USAGE = YES_ERROR;
				CLANG_WARN_DOCUMENTATION_COMMENTS = YES;
				CLANG_WARN_EMPTY_BODY = YES;
				CLANG_WARN_ENUM_CONVERSION = YES;
				CLANG_WARN_INFINITE_RECURSION = YES;
				CLANG_WARN_INT_CONVERSION = YES;
				CLANG_WARN_OBJC_ROOT_CLASS = YES_ERROR;
				CLANG_WARN_SUSPICIOUS_MOVE = YES;
				CLANG_WARN_UNREACHABLE_CODE = YES;
				CLANG_WARN__DUPLICATE_METHOD_MATCH = YES;
				"CODE_SIGN_IDENTITY[sdk=iphoneos*]" = "iPhone Developer";
				COPY_PHASE_STRIP = NO;
				DEBUG_INFORMATION_FORMAT = "dwarf-with-dsym";
				ENABLE_NS_ASSERTIONS = NO;
				ENABLE_STRICT_OBJC_MSGSEND = YES;
				GCC_C_LANGUAGE_STANDARD = gnu99;
				GCC_NO_COMMON_BLOCKS = YES;
				GCC_WARN_64_TO_32_BIT_CONVERSION = YES;
				GCC_WARN_ABOUT_RETURN_TYPE = YES_ERROR;
				GCC_WARN_UNDECLARED_SELECTOR = YES;
				GCC_WARN_UNINITIALIZED_AUTOS = YES_AGGRESSIVE;
				GCC_WARN_UNUSED_FUNCTION = YES;
				GCC_WARN_UNUSED_VARIABLE = YES;
				IPHONEOS_DEPLOYMENT_TARGET = 10.3;
				MTL_ENABLE_DEBUG_INFO = NO;
				SDKROOT = iphoneos;
				SWIFT_OPTIMIZATION_LEVEL = "-Owholemodule";
				VALIDATE_PRODUCT = YES;
			};
			name = Release;
		};
		BE27341D1F744C17004A7D66 /* Debug */ = {
			isa = XCBuildConfiguration;
			buildSettings = {
				ASSETCATALOG_COMPILER_APPICON_NAME = AppIcon;
				INFOPLIST_FILE = MBTodo/Info.plist;
				LD_RUNPATH_SEARCH_PATHS = "$(inherited) @executable_path/Frameworks";
				PRODUCT_BUNDLE_IDENTIFIER = com.mb.MBTodo;
				PRODUCT_NAME = "$(TARGET_NAME)";
				SWIFT_VERSION = 3.0;
			};
			name = Debug;
		};
		BE27341E1F744C17004A7D66 /* Release */ = {
			isa = XCBuildConfiguration;
			buildSettings = {
				ASSETCATALOG_COMPILER_APPICON_NAME = AppIcon;
				INFOPLIST_FILE = MBTodo/Info.plist;
				LD_RUNPATH_SEARCH_PATHS = "$(inherited) @executable_path/Frameworks";
				PRODUCT_BUNDLE_IDENTIFIER = com.mb.MBTodo;
				PRODUCT_NAME = "$(TARGET_NAME)";
				SWIFT_VERSION = 3.0;
			};
			name = Release;
		};
		BE2734201F744C17004A7D66 /* Debug */ = {
			isa = XCBuildConfiguration;
			buildSettings = {
				ALWAYS_EMBED_SWIFT_STANDARD_LIBRARIES = YES;
				BUNDLE_LOADER = "$(TEST_HOST)";
				INFOPLIST_FILE = MBTodoTests/Info.plist;
				LD_RUNPATH_SEARCH_PATHS = "$(inherited) @executable_path/Frameworks @loader_path/Frameworks";
				PRODUCT_BUNDLE_IDENTIFIER = com.mb.MBTodoTests;
				PRODUCT_NAME = "$(TARGET_NAME)";
				SWIFT_VERSION = 3.0;
				TEST_HOST = "$(BUILT_PRODUCTS_DIR)/MBTodo.app/MBTodo";
			};
			name = Debug;
		};
		BE2734211F744C17004A7D66 /* Release */ = {
			isa = XCBuildConfiguration;
			buildSettings = {
				ALWAYS_EMBED_SWIFT_STANDARD_LIBRARIES = YES;
				BUNDLE_LOADER = "$(TEST_HOST)";
				INFOPLIST_FILE = MBTodoTests/Info.plist;
				LD_RUNPATH_SEARCH_PATHS = "$(inherited) @executable_path/Frameworks @loader_path/Frameworks";
				PRODUCT_BUNDLE_IDENTIFIER = com.mb.MBTodoTests;
				PRODUCT_NAME = "$(TARGET_NAME)";
				SWIFT_VERSION = 3.0;
				TEST_HOST = "$(BUILT_PRODUCTS_DIR)/MBTodo.app/MBTodo";
			};
			name = Release;
		};
		BE2734231F744C17004A7D66 /* Debug */ = {
			isa = XCBuildConfiguration;
			buildSettings = {
				ALWAYS_EMBED_SWIFT_STANDARD_LIBRARIES = YES;
				INFOPLIST_FILE = MBTodoUITests/Info.plist;
				LD_RUNPATH_SEARCH_PATHS = "$(inherited) @executable_path/Frameworks @loader_path/Frameworks";
				PRODUCT_BUNDLE_IDENTIFIER = com.mb.MBTodoUITests;
				PRODUCT_NAME = "$(TARGET_NAME)";
				SWIFT_VERSION = 3.0;
				TEST_TARGET_NAME = MBTodo;
			};
			name = Debug;
		};
		BE2734241F744C17004A7D66 /* Release */ = {
			isa = XCBuildConfiguration;
			buildSettings = {
				ALWAYS_EMBED_SWIFT_STANDARD_LIBRARIES = YES;
				INFOPLIST_FILE = MBTodoUITests/Info.plist;
				LD_RUNPATH_SEARCH_PATHS = "$(inherited) @executable_path/Frameworks @loader_path/Frameworks";
				PRODUCT_BUNDLE_IDENTIFIER = com.mb.MBTodoUITests;
				PRODUCT_NAME = "$(TARGET_NAME)";
				SWIFT_VERSION = 3.0;
				TEST_TARGET_NAME = MBTodo;
			};
			name = Release;
		};
/* End XCBuildConfiguration section */

/* Begin XCConfigurationList section */
		BE2733EF1F744C17004A7D66 /* Build configuration list for PBXProject "MBTodo" */ = {
			isa = XCConfigurationList;
			buildConfigurations = (
				BE27341A1F744C17004A7D66 /* Debug */,
				BE27341B1F744C17004A7D66 /* Release */,
			);
			defaultConfigurationIsVisible = 0;
			defaultConfigurationName = Release;
		};
		BE27341C1F744C17004A7D66 /* Build configuration list for PBXNativeTarget "MBTodo" */ = {
			isa = XCConfigurationList;
			buildConfigurations = (
				BE27341D1F744C17004A7D66 /* Debug */,
				BE27341E1F744C17004A7D66 /* Release */,
			);
			defaultConfigurationIsVisible = 0;
		};
		BE27341F1F744C17004A7D66 /* Build configuration list for PBXNativeTarget "MBTodoTests" */ = {
			isa = XCConfigurationList;
			buildConfigurations = (
				BE2734201F744C17004A7D66 /* Debug */,
				BE2734211F744C17004A7D66 /* Release */,
			);
			defaultConfigurationIsVisible = 0;
		};
		BE2734221F744C17004A7D66 /* Build configuration list for PBXNativeTarget "MBTodoUITests" */ = {
			isa = XCConfigurationList;
			buildConfigurations = (
				BE2734231F744C17004A7D66 /* Debug */,
				BE2734241F744C17004A7D66 /* Release */,
			);
			defaultConfigurationIsVisible = 0;
		};
/* End XCConfigurationList section */
	};
	rootObject = BE2733EC1F744C17004A7D66 /* Project object */;
}
