// !$*UTF8*$!
{
	archiveVersion = 1;
	classes = {
	};
	objectVersion = 46;
	objects = {

/* Begin PBXBuildFile section */
		48F5D244D28F56943F97C435 /* Pods_MBTodoUITests.framework in Frameworks */ = {isa = PBXBuildFile; fileRef = 6BA906E683D153EBFADBF7D4 /* Pods_MBTodoUITests.framework */; };
		5ED1AC0D9415A05FF7B3B4ED /* Pods_MBTodoTests.framework in Frameworks */ = {isa = PBXBuildFile; fileRef = 08C1FD41A6404BB49C207FC5 /* Pods_MBTodoTests.framework */; };
		A357F0618372A9B2202DED46 /* Pods_MBTodo.framework in Frameworks */ = {isa = PBXBuildFile; fileRef = 24628AA967E4F906CDA34074 /* Pods_MBTodo.framework */; };
		BE0A0EA61F77F1EC006F9EA4 /* HTTPController.swift in Sources */ = {isa = PBXBuildFile; fileRef = BE0A0EA51F77F1EC006F9EA4 /* HTTPController.swift */; };
		BE1A5EF71F7986AE007BA647 /* HTTPClient_Test.swift in Sources */ = {isa = PBXBuildFile; fileRef = BE1A5EF61F7986AE007BA647 /* HTTPClient_Test.swift */; };
		BE1A5EFA1F7987C1007BA647 /* URLSessionProtocol.swift in Sources */ = {isa = PBXBuildFile; fileRef = BE1A5EF91F7987C1007BA647 /* URLSessionProtocol.swift */; };
		BE1A5EFC1F798DE7007BA647 /* URLSession.swift in Sources */ = {isa = PBXBuildFile; fileRef = BE1A5EFB1F798DE7007BA647 /* URLSession.swift */; };
		BE2733F81F744C17004A7D66 /* AppDelegate.swift in Sources */ = {isa = PBXBuildFile; fileRef = BE2733F71F744C17004A7D66 /* AppDelegate.swift */; };
		BE2733FA1F744C17004A7D66 /* ViewController.swift in Sources */ = {isa = PBXBuildFile; fileRef = BE2733F91F744C17004A7D66 /* ViewController.swift */; };
		BE2733FD1F744C17004A7D66 /* Main.storyboard in Resources */ = {isa = PBXBuildFile; fileRef = BE2733FB1F744C17004A7D66 /* Main.storyboard */; };
		BE2733FF1F744C17004A7D66 /* Assets.xcassets in Resources */ = {isa = PBXBuildFile; fileRef = BE2733FE1F744C17004A7D66 /* Assets.xcassets */; };
		BE2734021F744C17004A7D66 /* LaunchScreen.storyboard in Resources */ = {isa = PBXBuildFile; fileRef = BE2734001F744C17004A7D66 /* LaunchScreen.storyboard */; };
		BE27340D1F744C17004A7D66 /* MBTodoTests.swift in Sources */ = {isa = PBXBuildFile; fileRef = BE27340C1F744C17004A7D66 /* MBTodoTests.swift */; };
		BE2734181F744C17004A7D66 /* MBTodoUITests.swift in Sources */ = {isa = PBXBuildFile; fileRef = BE2734171F744C17004A7D66 /* MBTodoUITests.swift */; };
		BE2734281F744DB0004A7D66 /* GoogleService-Info.plist in Resources */ = {isa = PBXBuildFile; fileRef = BE2734271F744DB0004A7D66 /* GoogleService-Info.plist */; };
		BE27342A1F744E76004A7D66 /* FirebaseWrapper.swift in Sources */ = {isa = PBXBuildFile; fileRef = BE2734291F744E76004A7D66 /* FirebaseWrapper.swift */; };
		BE2734401F7457D4004A7D66 /* Actions_Auth.swift in Sources */ = {isa = PBXBuildFile; fileRef = BE27343F1F7457D4004A7D66 /* Actions_Auth.swift */; };
		BE2734471F745A3D004A7D66 /* State.swift in Sources */ = {isa = PBXBuildFile; fileRef = BE2734461F745A3D004A7D66 /* State.swift */; };
		BE27344A1F745A98004A7D66 /* State_Auth.swift in Sources */ = {isa = PBXBuildFile; fileRef = BE2734491F745A98004A7D66 /* State_Auth.swift */; };
		BE27344C1F74664E004A7D66 /* Reducer.swift in Sources */ = {isa = PBXBuildFile; fileRef = BE27344B1F74664E004A7D66 /* Reducer.swift */; };
		BE4368A81F77D6060052D379 /* FirebaseAuthController.swift in Sources */ = {isa = PBXBuildFile; fileRef = BE4368A71F77D6060052D379 /* FirebaseAuthController.swift */; };
		BE4368AD1F77E26C0052D379 /* Networkable.swift in Sources */ = {isa = PBXBuildFile; fileRef = BE4368AC1F77E26C0052D379 /* Networkable.swift */; };
		BEEE8E8D1F77B1530056F1A1 /* GitHubAuthController.swift in Sources */ = {isa = PBXBuildFile; fileRef = BEEE8E8C1F77B1530056F1A1 /* GitHubAuthController.swift */; };
		BEEE8E911F77B1890056F1A1 /* Actions_Todo.swift in Sources */ = {isa = PBXBuildFile; fileRef = BEEE8E901F77B1890056F1A1 /* Actions_Todo.swift */; };
		BEEE8E941F77B23D0056F1A1 /* FirebaseAPIController.swift in Sources */ = {isa = PBXBuildFile; fileRef = BEEE8E931F77B23D0056F1A1 /* FirebaseAPIController.swift */; };
		BEEE8E971F77B4280056F1A1 /* State_Todos.swift in Sources */ = {isa = PBXBuildFile; fileRef = BEEE8E961F77B4280056F1A1 /* State_Todos.swift */; };
		BEEE8E9A1F77B46F0056F1A1 /* Todo.swift in Sources */ = {isa = PBXBuildFile; fileRef = BEEE8E991F77B46F0056F1A1 /* Todo.swift */; };
		BEEE8E9E1F77B7FB0056F1A1 /* Dictionary+OptionalSubscript.swift in Sources */ = {isa = PBXBuildFile; fileRef = BEEE8E9D1F77B7FB0056F1A1 /* Dictionary+OptionalSubscript.swift */; };
		BEEE8EA11F77C0780056F1A1 /* TodosVM.swift in Sources */ = {isa = PBXBuildFile; fileRef = BEEE8EA01F77C0780056F1A1 /* TodosVM.swift */; };
		BEEE8EA41F77C1520056F1A1 /* Todo_TableViewCell.swift in Sources */ = {isa = PBXBuildFile; fileRef = BEEE8EA31F77C1520056F1A1 /* Todo_TableViewCell.swift */; };
		BEEE8EA61F77C2130056F1A1 /* TodoVM.swift in Sources */ = {isa = PBXBuildFile; fileRef = BEEE8EA51F77C2130056F1A1 /* TodoVM.swift */; };
		BEEE8EA81F77C84E0056F1A1 /* Auth_Tests.swift in Sources */ = {isa = PBXBuildFile; fileRef = BEEE8EA71F77C84E0056F1A1 /* Auth_Tests.swift */; };
		BEEE8EAA1F77C8D40056F1A1 /* GoogleService-Info-Test.plist in Resources */ = {isa = PBXBuildFile; fileRef = BEEE8EA91F77C8D40056F1A1 /* GoogleService-Info-Test.plist */; };
		BEEE8EAD1F77CD4C0056F1A1 /* OAuth.swift in Sources */ = {isa = PBXBuildFile; fileRef = BEEE8EAC1F77CD4C0056F1A1 /* OAuth.swift */; };
		BEF17B701F7C309D007B825A /* CustomErrors.swift in Sources */ = {isa = PBXBuildFile; fileRef = BEF17B6F1F7C309D007B825A /* CustomErrors.swift */; };
		BEF17B731F7C3C94007B825A /* MockURLSession.swift in Sources */ = {isa = PBXBuildFile; fileRef = BEF17B721F7C3C94007B825A /* MockURLSession.swift */; };
		BEFA26D21F76FE650043FF3C /* GitHubStrings.swift in Sources */ = {isa = PBXBuildFile; fileRef = BEFA26D11F76FE650043FF3C /* GitHubStrings.swift */; };
/* End PBXBuildFile section */

/* Begin PBXContainerItemProxy section */
		BE2734091F744C17004A7D66 /* PBXContainerItemProxy */ = {
			isa = PBXContainerItemProxy;
			containerPortal = BE2733EC1F744C17004A7D66 /* Project object */;
			proxyType = 1;
			remoteGlobalIDString = BE2733F31F744C17004A7D66;
			remoteInfo = MBTodo;
		};
		BE2734141F744C17004A7D66 /* PBXContainerItemProxy */ = {
			isa = PBXContainerItemProxy;
			containerPortal = BE2733EC1F744C17004A7D66 /* Project object */;
			proxyType = 1;
			remoteGlobalIDString = BE2733F31F744C17004A7D66;
			remoteInfo = MBTodo;
		};
/* End PBXContainerItemProxy section */

/* Begin PBXFileReference section */
		08C1FD41A6404BB49C207FC5 /* Pods_MBTodoTests.framework */ = {isa = PBXFileReference; explicitFileType = wrapper.framework; includeInIndex = 0; path = Pods_MBTodoTests.framework; sourceTree = BUILT_PRODUCTS_DIR; };
		11A4D28B498A877FD1CA2C4A /* Pods-MBTodoTests.debug.xcconfig */ = {isa = PBXFileReference; includeInIndex = 1; lastKnownFileType = text.xcconfig; name = "Pods-MBTodoTests.debug.xcconfig"; path = "Pods/Target Support Files/Pods-MBTodoTests/Pods-MBTodoTests.debug.xcconfig"; sourceTree = "<group>"; };
		24628AA967E4F906CDA34074 /* Pods_MBTodo.framework */ = {isa = PBXFileReference; explicitFileType = wrapper.framework; includeInIndex = 0; path = Pods_MBTodo.framework; sourceTree = BUILT_PRODUCTS_DIR; };
		4BF894B289E3F14020041CE0 /* Pods-MBTodoTests.release.xcconfig */ = {isa = PBXFileReference; includeInIndex = 1; lastKnownFileType = text.xcconfig; name = "Pods-MBTodoTests.release.xcconfig"; path = "Pods/Target Support Files/Pods-MBTodoTests/Pods-MBTodoTests.release.xcconfig"; sourceTree = "<group>"; };
		4F6DA794955F94415BA3B18F /* Pods-MBTodoUITests.release.xcconfig */ = {isa = PBXFileReference; includeInIndex = 1; lastKnownFileType = text.xcconfig; name = "Pods-MBTodoUITests.release.xcconfig"; path = "Pods/Target Support Files/Pods-MBTodoUITests/Pods-MBTodoUITests.release.xcconfig"; sourceTree = "<group>"; };
		6380BFA8E6421ED823ECCE07 /* Pods-MBTodoUITests.debug.xcconfig */ = {isa = PBXFileReference; includeInIndex = 1; lastKnownFileType = text.xcconfig; name = "Pods-MBTodoUITests.debug.xcconfig"; path = "Pods/Target Support Files/Pods-MBTodoUITests/Pods-MBTodoUITests.debug.xcconfig"; sourceTree = "<group>"; };
		674131A9E625A3AACD6FDCD8 /* Pods-MBTodo.debug.xcconfig */ = {isa = PBXFileReference; includeInIndex = 1; lastKnownFileType = text.xcconfig; name = "Pods-MBTodo.debug.xcconfig"; path = "Pods/Target Support Files/Pods-MBTodo/Pods-MBTodo.debug.xcconfig"; sourceTree = "<group>"; };
		6BA906E683D153EBFADBF7D4 /* Pods_MBTodoUITests.framework */ = {isa = PBXFileReference; explicitFileType = wrapper.framework; includeInIndex = 0; path = Pods_MBTodoUITests.framework; sourceTree = BUILT_PRODUCTS_DIR; };
		9C0659D2CDE646732FC0090F /* Pods-MBTodo.release.xcconfig */ = {isa = PBXFileReference; includeInIndex = 1; lastKnownFileType = text.xcconfig; name = "Pods-MBTodo.release.xcconfig"; path = "Pods/Target Support Files/Pods-MBTodo/Pods-MBTodo.release.xcconfig"; sourceTree = "<group>"; };
		BE0A0EA51F77F1EC006F9EA4 /* HTTPController.swift */ = {isa = PBXFileReference; lastKnownFileType = sourcecode.swift; path = HTTPController.swift; sourceTree = "<group>"; };
		BE1A5EF61F7986AE007BA647 /* HTTPClient_Test.swift */ = {isa = PBXFileReference; lastKnownFileType = sourcecode.swift; path = HTTPClient_Test.swift; sourceTree = "<group>"; };
		BE1A5EF91F7987C1007BA647 /* URLSessionProtocol.swift */ = {isa = PBXFileReference; lastKnownFileType = sourcecode.swift; path = URLSessionProtocol.swift; sourceTree = "<group>"; };
		BE1A5EFB1F798DE7007BA647 /* URLSession.swift */ = {isa = PBXFileReference; lastKnownFileType = sourcecode.swift; path = URLSession.swift; sourceTree = "<group>"; };
		BE2733F41F744C17004A7D66 /* MBTodo.app */ = {isa = PBXFileReference; explicitFileType = wrapper.application; includeInIndex = 0; path = MBTodo.app; sourceTree = BUILT_PRODUCTS_DIR; };
		BE2733F71F744C17004A7D66 /* AppDelegate.swift */ = {isa = PBXFileReference; lastKnownFileType = sourcecode.swift; path = AppDelegate.swift; sourceTree = "<group>"; };
		BE2733F91F744C17004A7D66 /* ViewController.swift */ = {isa = PBXFileReference; lastKnownFileType = sourcecode.swift; path = ViewController.swift; sourceTree = "<group>"; };
		BE2733FC1F744C17004A7D66 /* Base */ = {isa = PBXFileReference; lastKnownFileType = file.storyboard; name = Base; path = Base.lproj/Main.storyboard; sourceTree = "<group>"; };
		BE2733FE1F744C17004A7D66 /* Assets.xcassets */ = {isa = PBXFileReference; lastKnownFileType = folder.assetcatalog; path = Assets.xcassets; sourceTree = "<group>"; };
		BE2734011F744C17004A7D66 /* Base */ = {isa = PBXFileReference; lastKnownFileType = file.storyboard; name = Base; path = Base.lproj/LaunchScreen.storyboard; sourceTree = "<group>"; };
		BE2734031F744C17004A7D66 /* Info.plist */ = {isa = PBXFileReference; lastKnownFileType = text.plist.xml; path = Info.plist; sourceTree = "<group>"; };
		BE2734081F744C17004A7D66 /* MBTodoTests.xctest */ = {isa = PBXFileReference; explicitFileType = wrapper.cfbundle; includeInIndex = 0; path = MBTodoTests.xctest; sourceTree = BUILT_PRODUCTS_DIR; };
		BE27340C1F744C17004A7D66 /* MBTodoTests.swift */ = {isa = PBXFileReference; lastKnownFileType = sourcecode.swift; path = MBTodoTests.swift; sourceTree = "<group>"; };
		BE27340E1F744C17004A7D66 /* Info.plist */ = {isa = PBXFileReference; lastKnownFileType = text.plist.xml; path = Info.plist; sourceTree = "<group>"; };
		BE2734131F744C17004A7D66 /* MBTodoUITests.xctest */ = {isa = PBXFileReference; explicitFileType = wrapper.cfbundle; includeInIndex = 0; path = MBTodoUITests.xctest; sourceTree = BUILT_PRODUCTS_DIR; };
		BE2734171F744C17004A7D66 /* MBTodoUITests.swift */ = {isa = PBXFileReference; lastKnownFileType = sourcecode.swift; path = MBTodoUITests.swift; sourceTree = "<group>"; };
		BE2734191F744C17004A7D66 /* Info.plist */ = {isa = PBXFileReference; lastKnownFileType = text.plist.xml; path = Info.plist; sourceTree = "<group>"; };
		BE2734271F744DB0004A7D66 /* GoogleService-Info.plist */ = {isa = PBXFileReference; fileEncoding = 4; lastKnownFileType = text.plist.xml; path = "GoogleService-Info.plist"; sourceTree = "<group>"; };
		BE2734291F744E76004A7D66 /* FirebaseWrapper.swift */ = {isa = PBXFileReference; fileEncoding = 4; lastKnownFileType = sourcecode.swift; path = FirebaseWrapper.swift; sourceTree = "<group>"; };
		BE27343F1F7457D4004A7D66 /* Actions_Auth.swift */ = {isa = PBXFileReference; fileEncoding = 4; lastKnownFileType = sourcecode.swift; path = Actions_Auth.swift; sourceTree = "<group>"; };
		BE2734461F745A3D004A7D66 /* State.swift */ = {isa = PBXFileReference; fileEncoding = 4; lastKnownFileType = sourcecode.swift; path = State.swift; sourceTree = "<group>"; };
		BE2734491F745A98004A7D66 /* State_Auth.swift */ = {isa = PBXFileReference; fileEncoding = 4; lastKnownFileType = sourcecode.swift; path = State_Auth.swift; sourceTree = "<group>"; };
		BE27344B1F74664E004A7D66 /* Reducer.swift */ = {isa = PBXFileReference; fileEncoding = 4; lastKnownFileType = sourcecode.swift; path = Reducer.swift; sourceTree = "<group>"; };
		BE4368A71F77D6060052D379 /* FirebaseAuthController.swift */ = {isa = PBXFileReference; fileEncoding = 4; lastKnownFileType = sourcecode.swift; path = FirebaseAuthController.swift; sourceTree = "<group>"; };
		BE4368AC1F77E26C0052D379 /* Networkable.swift */ = {isa = PBXFileReference; fileEncoding = 4; lastKnownFileType = sourcecode.swift; path = Networkable.swift; sourceTree = "<group>"; };
		BEEE8E8C1F77B1530056F1A1 /* GitHubAuthController.swift */ = {isa = PBXFileReference; fileEncoding = 4; lastKnownFileType = sourcecode.swift; path = GitHubAuthController.swift; sourceTree = "<group>"; };
		BEEE8E901F77B1890056F1A1 /* Actions_Todo.swift */ = {isa = PBXFileReference; fileEncoding = 4; lastKnownFileType = sourcecode.swift; path = Actions_Todo.swift; sourceTree = "<group>"; };
		BEEE8E931F77B23D0056F1A1 /* FirebaseAPIController.swift */ = {isa = PBXFileReference; fileEncoding = 4; lastKnownFileType = sourcecode.swift; path = FirebaseAPIController.swift; sourceTree = "<group>"; };
		BEEE8E961F77B4280056F1A1 /* State_Todos.swift */ = {isa = PBXFileReference; fileEncoding = 4; lastKnownFileType = sourcecode.swift; path = State_Todos.swift; sourceTree = "<group>"; };
		BEEE8E991F77B46F0056F1A1 /* Todo.swift */ = {isa = PBXFileReference; fileEncoding = 4; lastKnownFileType = sourcecode.swift; path = Todo.swift; sourceTree = "<group>"; };
		BEEE8E9D1F77B7FB0056F1A1 /* Dictionary+OptionalSubscript.swift */ = {isa = PBXFileReference; fileEncoding = 4; lastKnownFileType = sourcecode.swift; path = "Dictionary+OptionalSubscript.swift"; sourceTree = "<group>"; };
		BEEE8EA01F77C0780056F1A1 /* TodosVM.swift */ = {isa = PBXFileReference; fileEncoding = 4; lastKnownFileType = sourcecode.swift; path = TodosVM.swift; sourceTree = "<group>"; };
		BEEE8EA31F77C1520056F1A1 /* Todo_TableViewCell.swift */ = {isa = PBXFileReference; fileEncoding = 4; lastKnownFileType = sourcecode.swift; path = Todo_TableViewCell.swift; sourceTree = "<group>"; };
		BEEE8EA51F77C2130056F1A1 /* TodoVM.swift */ = {isa = PBXFileReference; fileEncoding = 4; lastKnownFileType = sourcecode.swift; path = TodoVM.swift; sourceTree = "<group>"; };
		BEEE8EA71F77C84E0056F1A1 /* Auth_Tests.swift */ = {isa = PBXFileReference; fileEncoding = 4; lastKnownFileType = sourcecode.swift; path = Auth_Tests.swift; sourceTree = "<group>"; };
		BEEE8EA91F77C8D40056F1A1 /* GoogleService-Info-Test.plist */ = {isa = PBXFileReference; fileEncoding = 4; lastKnownFileType = text.plist.xml; path = "GoogleService-Info-Test.plist"; sourceTree = "<group>"; };
		BEEE8EAC1F77CD4C0056F1A1 /* OAuth.swift */ = {isa = PBXFileReference; fileEncoding = 4; lastKnownFileType = sourcecode.swift; path = OAuth.swift; sourceTree = "<group>"; };
		BEF17B6F1F7C309D007B825A /* CustomErrors.swift */ = {isa = PBXFileReference; lastKnownFileType = sourcecode.swift; path = CustomErrors.swift; sourceTree = "<group>"; };
		BEF17B721F7C3C94007B825A /* MockURLSession.swift */ = {isa = PBXFileReference; lastKnownFileType = sourcecode.swift; path = MockURLSession.swift; sourceTree = "<group>"; };
		BEFA26D11F76FE650043FF3C /* GitHubStrings.swift */ = {isa = PBXFileReference; fileEncoding = 4; lastKnownFileType = sourcecode.swift; path = GitHubStrings.swift; sourceTree = "<group>"; };
/* End PBXFileReference section */

/* Begin PBXFrameworksBuildPhase section */
		BE2733F11F744C17004A7D66 /* Frameworks */ = {
			isa = PBXFrameworksBuildPhase;
			buildActionMask = 2147483647;
			files = (
				A357F0618372A9B2202DED46 /* Pods_MBTodo.framework in Frameworks */,
			);
			runOnlyForDeploymentPostprocessing = 0;
		};
		BE2734051F744C17004A7D66 /* Frameworks */ = {
			isa = PBXFrameworksBuildPhase;
			buildActionMask = 2147483647;
			files = (
				5ED1AC0D9415A05FF7B3B4ED /* Pods_MBTodoTests.framework in Frameworks */,
			);
			runOnlyForDeploymentPostprocessing = 0;
		};
		BE2734101F744C17004A7D66 /* Frameworks */ = {
			isa = PBXFrameworksBuildPhase;
			buildActionMask = 2147483647;
			files = (
				48F5D244D28F56943F97C435 /* Pods_MBTodoUITests.framework in Frameworks */,
			);
			runOnlyForDeploymentPostprocessing = 0;
		};
/* End PBXFrameworksBuildPhase section */

/* Begin PBXGroup section */
		6A1B2DB8DAB8C334ABD4B45A /* Pods */ = {
			isa = PBXGroup;
			children = (
				674131A9E625A3AACD6FDCD8 /* Pods-MBTodo.debug.xcconfig */,
				9C0659D2CDE646732FC0090F /* Pods-MBTodo.release.xcconfig */,
				11A4D28B498A877FD1CA2C4A /* Pods-MBTodoTests.debug.xcconfig */,
				4BF894B289E3F14020041CE0 /* Pods-MBTodoTests.release.xcconfig */,
				6380BFA8E6421ED823ECCE07 /* Pods-MBTodoUITests.debug.xcconfig */,
				4F6DA794955F94415BA3B18F /* Pods-MBTodoUITests.release.xcconfig */,
			);
			name = Pods;
			sourceTree = "<group>";
		};
		B87D0E18F5AE138CC52ADB01 /* Frameworks */ = {
			isa = PBXGroup;
			children = (
				24628AA967E4F906CDA34074 /* Pods_MBTodo.framework */,
				08C1FD41A6404BB49C207FC5 /* Pods_MBTodoTests.framework */,
				6BA906E683D153EBFADBF7D4 /* Pods_MBTodoUITests.framework */,
			);
			name = Frameworks;
			sourceTree = "<group>";
		};
		BE0A0EA41F77F1D9006F9EA4 /* Controllers */ = {
			isa = PBXGroup;
			children = (
				BE0A0EA51F77F1EC006F9EA4 /* HTTPController.swift */,
			);
			path = Controllers;
			sourceTree = "<group>";
		};
		BE1A5EF51F798699007BA647 /* Utils */ = {
			isa = PBXGroup;
			children = (
				BEF17B711F7C3C7E007B825A /* Controllers */,
				BE1A5EF61F7986AE007BA647 /* HTTPClient_Test.swift */,
			);
			path = Utils;
			sourceTree = "<group>";
		};
		BE1A5EF81F7987AC007BA647 /* Protocols */ = {
			isa = PBXGroup;
			children = (
				BE1A5EF91F7987C1007BA647 /* URLSessionProtocol.swift */,
			);
			path = Protocols;
			sourceTree = "<group>";
		};
		BE2733EB1F744C17004A7D66 = {
			isa = PBXGroup;
			children = (
				BE2734271F744DB0004A7D66 /* GoogleService-Info.plist */,
				BEEE8EA91F77C8D40056F1A1 /* GoogleService-Info-Test.plist */,
				BE2733F61F744C17004A7D66 /* MBTodo */,
				BE27340B1F744C17004A7D66 /* MBTodoTests */,
				BE2734161F744C17004A7D66 /* MBTodoUITests */,
				BE2733F51F744C17004A7D66 /* Products */,
				6A1B2DB8DAB8C334ABD4B45A /* Pods */,
				B87D0E18F5AE138CC52ADB01 /* Frameworks */,
			);
			sourceTree = "<group>";
		};
		BE2733F51F744C17004A7D66 /* Products */ = {
			isa = PBXGroup;
			children = (
				BE2733F41F744C17004A7D66 /* MBTodo.app */,
				BE2734081F744C17004A7D66 /* MBTodoTests.xctest */,
				BE2734131F744C17004A7D66 /* MBTodoUITests.xctest */,
			);
			name = Products;
			sourceTree = "<group>";
		};
		BE2733F61F744C17004A7D66 /* MBTodo */ = {
			isa = PBXGroup;
			children = (
				BE2734331F745524004A7D66 /* Auth */,
				BE2734251F744C7E004A7D66 /* Data */,
				BE27343A1F74562B004A7D66 /* Launch */,
				BEEE8E8E1F77B1680056F1A1 /* Todos */,
				BEEE8E9B1F77B7D30056F1A1 /* Utils */,
				BE2733F71F744C17004A7D66 /* AppDelegate.swift */,
				BE2733FE1F744C17004A7D66 /* Assets.xcassets */,
				BE2734031F744C17004A7D66 /* Info.plist */,
				BE2734001F744C17004A7D66 /* LaunchScreen.storyboard */,
				BE2733FB1F744C17004A7D66 /* Main.storyboard */,
				BE27344B1F74664E004A7D66 /* Reducer.swift */,
				BE2734461F745A3D004A7D66 /* State.swift */,
				BE2733F91F744C17004A7D66 /* ViewController.swift */,
			);
			path = MBTodo;
			sourceTree = "<group>";
		};
		BE27340B1F744C17004A7D66 /* MBTodoTests */ = {
			isa = PBXGroup;
			children = (
				BE1A5EF51F798699007BA647 /* Utils */,
				BE27340C1F744C17004A7D66 /* MBTodoTests.swift */,
				BE27340E1F744C17004A7D66 /* Info.plist */,
				BEEE8EA71F77C84E0056F1A1 /* Auth_Tests.swift */,
			);
			path = MBTodoTests;
			sourceTree = "<group>";
		};
		BE2734161F744C17004A7D66 /* MBTodoUITests */ = {
			isa = PBXGroup;
			children = (
				BE2734171F744C17004A7D66 /* MBTodoUITests.swift */,
				BE2734191F744C17004A7D66 /* Info.plist */,
			);
			path = MBTodoUITests;
			sourceTree = "<group>";
		};
		BE2734251F744C7E004A7D66 /* Data */ = {
			isa = PBXGroup;
			children = (
				BE2734261F744C94004A7D66 /* Controllers */,
			);
			name = Data;
			path = Firebase;
			sourceTree = "<group>";
		};
		BE2734261F744C94004A7D66 /* Controllers */ = {
			isa = PBXGroup;
			children = (
				BE2734291F744E76004A7D66 /* FirebaseWrapper.swift */,
			);
			path = Controllers;
			sourceTree = "<group>";
		};
		BE2734331F745524004A7D66 /* Auth */ = {
			isa = PBXGroup;
			children = (
				BE27343E1F7457C5004A7D66 /* Actions */,
				BEFA26D01F76FE480043FF3C /* Constants */,
				BEEE8E8B1F77B1430056F1A1 /* Controllers */,
				BEEE8EAB1F77CD330056F1A1 /* Protocols */,
				BE2734481F745A42004A7D66 /* State */,
			);
			path = Auth;
			sourceTree = "<group>";
		};
		BE27343A1F74562B004A7D66 /* Launch */ = {
			isa = PBXGroup;
			children = (
			);
			path = Launch;
			sourceTree = "<group>";
		};
		BE27343E1F7457C5004A7D66 /* Actions */ = {
			isa = PBXGroup;
			children = (
				BE27343F1F7457D4004A7D66 /* Actions_Auth.swift */,
			);
			path = Actions;
			sourceTree = "<group>";
		};
		BE2734481F745A42004A7D66 /* State */ = {
			isa = PBXGroup;
			children = (
				BE2734491F745A98004A7D66 /* State_Auth.swift */,
			);
			path = State;
			sourceTree = "<group>";
		};
		BEEE8E8B1F77B1430056F1A1 /* Controllers */ = {
			isa = PBXGroup;
			children = (
				BEEE8E8C1F77B1530056F1A1 /* GitHubAuthController.swift */,
				BE4368A71F77D6060052D379 /* FirebaseAuthController.swift */,
			);
			path = Controllers;
			sourceTree = "<group>";
		};
		BEEE8E8E1F77B1680056F1A1 /* Todos */ = {
			isa = PBXGroup;
			children = (
				BEEE8E8F1F77B1740056F1A1 /* Actions */,
				BEEE8E921F77B2280056F1A1 /* Controllers */,
				BEEE8E981F77B4630056F1A1 /* Model */,
				BEEE8E951F77B4160056F1A1 /* State */,
				BEEE8E9F1F77C0610056F1A1 /* ViewModels */,
				BEEE8EA21F77C12C0056F1A1 /* Views */,
			);
			path = Todos;
			sourceTree = "<group>";
		};
		BEEE8E8F1F77B1740056F1A1 /* Actions */ = {
			isa = PBXGroup;
			children = (
				BEEE8E901F77B1890056F1A1 /* Actions_Todo.swift */,
			);
			path = Actions;
			sourceTree = "<group>";
		};
		BEEE8E921F77B2280056F1A1 /* Controllers */ = {
			isa = PBXGroup;
			children = (
				BEEE8E931F77B23D0056F1A1 /* FirebaseAPIController.swift */,
			);
			path = Controllers;
			sourceTree = "<group>";
		};
		BEEE8E951F77B4160056F1A1 /* State */ = {
			isa = PBXGroup;
			children = (
				BEEE8E961F77B4280056F1A1 /* State_Todos.swift */,
			);
			path = State;
			sourceTree = "<group>";
		};
		BEEE8E981F77B4630056F1A1 /* Model */ = {
			isa = PBXGroup;
			children = (
				BEEE8E991F77B46F0056F1A1 /* Todo.swift */,
			);
			path = Model;
			sourceTree = "<group>";
		};
		BEEE8E9B1F77B7D30056F1A1 /* Utils */ = {
			isa = PBXGroup;
			children = (
				BEF17B6E1F7C306F007B825A /* Model */,
				BE1A5EF81F7987AC007BA647 /* Protocols */,
				BE0A0EA41F77F1D9006F9EA4 /* Controllers */,
				BEEE8E9C1F77B7E20056F1A1 /* Extensions */,
			);
			path = Utils;
			sourceTree = "<group>";
		};
		BEEE8E9C1F77B7E20056F1A1 /* Extensions */ = {
			isa = PBXGroup;
			children = (
				BEEE8E9D1F77B7FB0056F1A1 /* Dictionary+OptionalSubscript.swift */,
				BE1A5EFB1F798DE7007BA647 /* URLSession.swift */,
			);
			path = Extensions;
			sourceTree = "<group>";
		};
		BEEE8E9F1F77C0610056F1A1 /* ViewModels */ = {
			isa = PBXGroup;
			children = (
				BEEE8EA01F77C0780056F1A1 /* TodosVM.swift */,
				BEEE8EA51F77C2130056F1A1 /* TodoVM.swift */,
			);
			path = ViewModels;
			sourceTree = "<group>";
		};
		BEEE8EA21F77C12C0056F1A1 /* Views */ = {
			isa = PBXGroup;
			children = (
				BEEE8EA31F77C1520056F1A1 /* Todo_TableViewCell.swift */,
			);
			path = Views;
			sourceTree = "<group>";
		};
		BEEE8EAB1F77CD330056F1A1 /* Protocols */ = {
			isa = PBXGroup;
			children = (
				BEEE8EAC1F77CD4C0056F1A1 /* OAuth.swift */,
				BE4368AC1F77E26C0052D379 /* Networkable.swift */,
			);
			path = Protocols;
			sourceTree = "<group>";
		};
		BEF17B6E1F7C306F007B825A /* Model */ = {
			isa = PBXGroup;
			children = (
				BEF17B6F1F7C309D007B825A /* CustomErrors.swift */,
			);
			path = Model;
			sourceTree = "<group>";
		};
		BEF17B711F7C3C7E007B825A /* Controllers */ = {
			isa = PBXGroup;
			children = (
				BEF17B721F7C3C94007B825A /* MockURLSession.swift */,
			);
			path = Controllers;
			sourceTree = "<group>";
		};
		BEFA26D01F76FE480043FF3C /* Constants */ = {
			isa = PBXGroup;
			children = (
				BEFA26D11F76FE650043FF3C /* GitHubStrings.swift */,
			);
			path = Constants;
			sourceTree = "<group>";
		};
/* End PBXGroup section */

/* Begin PBXNativeTarget section */
		BE2733F31F744C17004A7D66 /* MBTodo */ = {
			isa = PBXNativeTarget;
			buildConfigurationList = BE27341C1F744C17004A7D66 /* Build configuration list for PBXNativeTarget "MBTodo" */;
			buildPhases = (
				7A99C5B490FEF4AE69CE6EAC /* [CP] Check Pods Manifest.lock */,
				BE2733F01F744C17004A7D66 /* Sources */,
				BE2733F11F744C17004A7D66 /* Frameworks */,
				BE2733F21F744C17004A7D66 /* Resources */,
				854384C4D486DC48ECA9AE05 /* [CP] Embed Pods Frameworks */,
				08FA82C96433C56088F374BA /* [CP] Copy Pods Resources */,
			);
			buildRules = (
			);
			dependencies = (
			);
			name = MBTodo;
			productName = MBTodo;
			productReference = BE2733F41F744C17004A7D66 /* MBTodo.app */;
			productType = "com.apple.product-type.application";
		};
		BE2734071F744C17004A7D66 /* MBTodoTests */ = {
			isa = PBXNativeTarget;
			buildConfigurationList = BE27341F1F744C17004A7D66 /* Build configuration list for PBXNativeTarget "MBTodoTests" */;
			buildPhases = (
				8339BD60621F42E426A44690 /* [CP] Check Pods Manifest.lock */,
				BE2734041F744C17004A7D66 /* Sources */,
				BE2734051F744C17004A7D66 /* Frameworks */,
				BE2734061F744C17004A7D66 /* Resources */,
				A81DD8394074FA9F5394094C /* [CP] Embed Pods Frameworks */,
				11077401D2E804D60A7F46B1 /* [CP] Copy Pods Resources */,
			);
			buildRules = (
			);
			dependencies = (
				BE27340A1F744C17004A7D66 /* PBXTargetDependency */,
			);
			name = MBTodoTests;
			productName = MBTodoTests;
			productReference = BE2734081F744C17004A7D66 /* MBTodoTests.xctest */;
			productType = "com.apple.product-type.bundle.unit-test";
		};
		BE2734121F744C17004A7D66 /* MBTodoUITests */ = {
			isa = PBXNativeTarget;
			buildConfigurationList = BE2734221F744C17004A7D66 /* Build configuration list for PBXNativeTarget "MBTodoUITests" */;
			buildPhases = (
				AED7541A1C0E2677C0E0C38E /* [CP] Check Pods Manifest.lock */,
				BE27340F1F744C17004A7D66 /* Sources */,
				BE2734101F744C17004A7D66 /* Frameworks */,
				BE2734111F744C17004A7D66 /* Resources */,
				A585E6B619328D9F1BE61206 /* [CP] Embed Pods Frameworks */,
				DB8CC3894356B41ADC93E49A /* [CP] Copy Pods Resources */,
			);
			buildRules = (
			);
			dependencies = (
				BE2734151F744C17004A7D66 /* PBXTargetDependency */,
			);
			name = MBTodoUITests;
			productName = MBTodoUITests;
			productReference = BE2734131F744C17004A7D66 /* MBTodoUITests.xctest */;
			productType = "com.apple.product-type.bundle.ui-testing";
		};
/* End PBXNativeTarget section */

/* Begin PBXProject section */
		BE2733EC1F744C17004A7D66 /* Project object */ = {
			isa = PBXProject;
			attributes = {
				LastSwiftUpdateCheck = 0830;
				LastUpgradeCheck = 0830;
				ORGANIZATIONNAME = MB;
				TargetAttributes = {
					BE2733F31F744C17004A7D66 = {
						CreatedOnToolsVersion = 8.3.3;
						DevelopmentTeam = U5FH5JR68H;
						ProvisioningStyle = Automatic;
					};
					BE2734071F744C17004A7D66 = {
						CreatedOnToolsVersion = 8.3.3;
						ProvisioningStyle = Automatic;
						TestTargetID = BE2733F31F744C17004A7D66;
					};
					BE2734121F744C17004A7D66 = {
						CreatedOnToolsVersion = 8.3.3;
						ProvisioningStyle = Automatic;
						TestTargetID = BE2733F31F744C17004A7D66;
					};
				};
			};
			buildConfigurationList = BE2733EF1F744C17004A7D66 /* Build configuration list for PBXProject "MBTodo" */;
			compatibilityVersion = "Xcode 3.2";
			developmentRegion = English;
			hasScannedForEncodings = 0;
			knownRegions = (
				en,
				Base,
			);
			mainGroup = BE2733EB1F744C17004A7D66;
			productRefGroup = BE2733F51F744C17004A7D66 /* Products */;
			projectDirPath = "";
			projectRoot = "";
			targets = (
				BE2733F31F744C17004A7D66 /* MBTodo */,
				BE2734071F744C17004A7D66 /* MBTodoTests */,
				BE2734121F744C17004A7D66 /* MBTodoUITests */,
			);
		};
/* End PBXProject section */

/* Begin PBXResourcesBuildPhase section */
		BE2733F21F744C17004A7D66 /* Resources */ = {
			isa = PBXResourcesBuildPhase;
			buildActionMask = 2147483647;
			files = (
				BE2734021F744C17004A7D66 /* LaunchScreen.storyboard in Resources */,
				BE2734281F744DB0004A7D66 /* GoogleService-Info.plist in Resources */,
				BE2733FF1F744C17004A7D66 /* Assets.xcassets in Resources */,
				BE2733FD1F744C17004A7D66 /* Main.storyboard in Resources */,
			);
			runOnlyForDeploymentPostprocessing = 0;
		};
		BE2734061F744C17004A7D66 /* Resources */ = {
			isa = PBXResourcesBuildPhase;
			buildActionMask = 2147483647;
			files = (
				BEEE8EAA1F77C8D40056F1A1 /* GoogleService-Info-Test.plist in Resources */,
			);
			runOnlyForDeploymentPostprocessing = 0;
		};
		BE2734111F744C17004A7D66 /* Resources */ = {
			isa = PBXResourcesBuildPhase;
			buildActionMask = 2147483647;
			files = (
			);
			runOnlyForDeploymentPostprocessing = 0;
		};
/* End PBXResourcesBuildPhase section */

/* Begin PBXShellScriptBuildPhase section */
		08FA82C96433C56088F374BA /* [CP] Copy Pods Resources */ = {
			isa = PBXShellScriptBuildPhase;
			buildActionMask = 2147483647;
			files = (
			);
			inputPaths = (
			);
			name = "[CP] Copy Pods Resources";
			outputPaths = (
			);
			runOnlyForDeploymentPostprocessing = 0;
			shellPath = /bin/sh;
			shellScript = "\"${SRCROOT}/Pods/Target Support Files/Pods-MBTodo/Pods-MBTodo-resources.sh\"\n";
			showEnvVarsInLog = 0;
		};
		11077401D2E804D60A7F46B1 /* [CP] Copy Pods Resources */ = {
			isa = PBXShellScriptBuildPhase;
			buildActionMask = 2147483647;
			files = (
			);
			inputPaths = (
			);
			name = "[CP] Copy Pods Resources";
			outputPaths = (
			);
			runOnlyForDeploymentPostprocessing = 0;
			shellPath = /bin/sh;
			shellScript = "\"${SRCROOT}/Pods/Target Support Files/Pods-MBTodoTests/Pods-MBTodoTests-resources.sh\"\n";
			showEnvVarsInLog = 0;
		};
		7A99C5B490FEF4AE69CE6EAC /* [CP] Check Pods Manifest.lock */ = {
			isa = PBXShellScriptBuildPhase;
			buildActionMask = 2147483647;
			files = (
			);
			inputPaths = (
			);
			name = "[CP] Check Pods Manifest.lock";
			outputPaths = (
			);
			runOnlyForDeploymentPostprocessing = 0;
			shellPath = /bin/sh;
			shellScript = "diff \"${PODS_PODFILE_DIR_PATH}/Podfile.lock\" \"${PODS_ROOT}/Manifest.lock\" > /dev/null\nif [ $? != 0 ] ; then\n    # print error to STDERR\n    echo \"error: The sandbox is not in sync with the Podfile.lock. Run 'pod install' or update your CocoaPods installation.\" >&2\n    exit 1\nfi\n";
			showEnvVarsInLog = 0;
		};
		8339BD60621F42E426A44690 /* [CP] Check Pods Manifest.lock */ = {
			isa = PBXShellScriptBuildPhase;
			buildActionMask = 2147483647;
			files = (
			);
			inputPaths = (
			);
			name = "[CP] Check Pods Manifest.lock";
			outputPaths = (
			);
			runOnlyForDeploymentPostprocessing = 0;
			shellPath = /bin/sh;
			shellScript = "diff \"${PODS_PODFILE_DIR_PATH}/Podfile.lock\" \"${PODS_ROOT}/Manifest.lock\" > /dev/null\nif [ $? != 0 ] ; then\n    # print error to STDERR\n    echo \"error: The sandbox is not in sync with the Podfile.lock. Run 'pod install' or update your CocoaPods installation.\" >&2\n    exit 1\nfi\n";
			showEnvVarsInLog = 0;
		};
		854384C4D486DC48ECA9AE05 /* [CP] Embed Pods Frameworks */ = {
			isa = PBXShellScriptBuildPhase;
			buildActionMask = 2147483647;
			files = (
			);
			inputPaths = (
			);
			name = "[CP] Embed Pods Frameworks";
			outputPaths = (
			);
			runOnlyForDeploymentPostprocessing = 0;
			shellPath = /bin/sh;
			shellScript = "\"${SRCROOT}/Pods/Target Support Files/Pods-MBTodo/Pods-MBTodo-frameworks.sh\"\n";
			showEnvVarsInLog = 0;
		};
		A585E6B619328D9F1BE61206 /* [CP] Embed Pods Frameworks */ = {
			isa = PBXShellScriptBuildPhase;
			buildActionMask = 2147483647;
			files = (
			);
			inputPaths = (
			);
			name = "[CP] Embed Pods Frameworks";
			outputPaths = (
			);
			runOnlyForDeploymentPostprocessing = 0;
			shellPath = /bin/sh;
			shellScript = "\"${SRCROOT}/Pods/Target Support Files/Pods-MBTodoUITests/Pods-MBTodoUITests-frameworks.sh\"\n";
			showEnvVarsInLog = 0;
		};
		A81DD8394074FA9F5394094C /* [CP] Embed Pods Frameworks */ = {
			isa = PBXShellScriptBuildPhase;
			buildActionMask = 2147483647;
			files = (
			);
			inputPaths = (
			);
			name = "[CP] Embed Pods Frameworks";
			outputPaths = (
			);
			runOnlyForDeploymentPostprocessing = 0;
			shellPath = /bin/sh;
			shellScript = "\"${SRCROOT}/Pods/Target Support Files/Pods-MBTodoTests/Pods-MBTodoTests-frameworks.sh\"\n";
			showEnvVarsInLog = 0;
		};
		AED7541A1C0E2677C0E0C38E /* [CP] Check Pods Manifest.lock */ = {
			isa = PBXShellScriptBuildPhase;
			buildActionMask = 2147483647;
			files = (
			);
			inputPaths = (
			);
			name = "[CP] Check Pods Manifest.lock";
			outputPaths = (
			);
			runOnlyForDeploymentPostprocessing = 0;
			shellPath = /bin/sh;
			shellScript = "diff \"${PODS_PODFILE_DIR_PATH}/Podfile.lock\" \"${PODS_ROOT}/Manifest.lock\" > /dev/null\nif [ $? != 0 ] ; then\n    # print error to STDERR\n    echo \"error: The sandbox is not in sync with the Podfile.lock. Run 'pod install' or update your CocoaPods installation.\" >&2\n    exit 1\nfi\n";
			showEnvVarsInLog = 0;
		};
		DB8CC3894356B41ADC93E49A /* [CP] Copy Pods Resources */ = {
			isa = PBXShellScriptBuildPhase;
			buildActionMask = 2147483647;
			files = (
			);
			inputPaths = (
			);
			name = "[CP] Copy Pods Resources";
			outputPaths = (
			);
			runOnlyForDeploymentPostprocessing = 0;
			shellPath = /bin/sh;
			shellScript = "\"${SRCROOT}/Pods/Target Support Files/Pods-MBTodoUITests/Pods-MBTodoUITests-resources.sh\"\n";
			showEnvVarsInLog = 0;
		};
/* End PBXShellScriptBuildPhase section */

/* Begin PBXSourcesBuildPhase section */
		BE2733F01F744C17004A7D66 /* Sources */ = {
			isa = PBXSourcesBuildPhase;
			buildActionMask = 2147483647;
			files = (
				BE2733FA1F744C17004A7D66 /* ViewController.swift in Sources */,
				BE2734401F7457D4004A7D66 /* Actions_Auth.swift in Sources */,
				BE27344C1F74664E004A7D66 /* Reducer.swift in Sources */,
				BEEE8E911F77B1890056F1A1 /* Actions_Todo.swift in Sources */,
				BE4368A81F77D6060052D379 /* FirebaseAuthController.swift in Sources */,
				BEEE8EA11F77C0780056F1A1 /* TodosVM.swift in Sources */,
				BEEE8E8D1F77B1530056F1A1 /* GitHubAuthController.swift in Sources */,
				BEEE8E941F77B23D0056F1A1 /* FirebaseAPIController.swift in Sources */,
				BE2733F81F744C17004A7D66 /* AppDelegate.swift in Sources */,
				BE1A5EFC1F798DE7007BA647 /* URLSession.swift in Sources */,
				BEEE8E9A1F77B46F0056F1A1 /* Todo.swift in Sources */,
				BEEE8EAD1F77CD4C0056F1A1 /* OAuth.swift in Sources */,
				BEEE8EA41F77C1520056F1A1 /* Todo_TableViewCell.swift in Sources */,
				BEEE8EA61F77C2130056F1A1 /* TodoVM.swift in Sources */,
				BEFA26D21F76FE650043FF3C /* GitHubStrings.swift in Sources */,
				BE27342A1F744E76004A7D66 /* FirebaseWrapper.swift in Sources */,
				BE27344A1F745A98004A7D66 /* State_Auth.swift in Sources */,
				BEF17B701F7C309D007B825A /* CustomErrors.swift in Sources */,
				BE1A5EFA1F7987C1007BA647 /* URLSessionProtocol.swift in Sources */,
				BEEE8E971F77B4280056F1A1 /* State_Todos.swift in Sources */,
				BE0A0EA61F77F1EC006F9EA4 /* HTTPController.swift in Sources */,
				BE2734471F745A3D004A7D66 /* State.swift in Sources */,
				BE4368AD1F77E26C0052D379 /* Networkable.swift in Sources */,
				BEEE8E9E1F77B7FB0056F1A1 /* Dictionary+OptionalSubscript.swift in Sources */,
			);
			runOnlyForDeploymentPostprocessing = 0;
		};
		BE2734041F744C17004A7D66 /* Sources */ = {
			isa = PBXSourcesBuildPhase;
			buildActionMask = 2147483647;
			files = (
				BEF17B731F7C3C94007B825A /* MockURLSession.swift in Sources */,
				BEEE8EA81F77C84E0056F1A1 /* Auth_Tests.swift in Sources */,
				BE27340D1F744C17004A7D66 /* MBTodoTests.swift in Sources */,
				BE1A5EF71F7986AE007BA647 /* HTTPClient_Test.swift in Sources */,
			);
			runOnlyForDeploymentPostprocessing = 0;
		};
		BE27340F1F744C17004A7D66 /* Sources */ = {
			isa = PBXSourcesBuildPhase;
			buildActionMask = 2147483647;
			files = (
				BE2734181F744C17004A7D66 /* MBTodoUITests.swift in Sources */,
			);
			runOnlyForDeploymentPostprocessing = 0;
		};
/* End PBXSourcesBuildPhase section */

/* Begin PBXTargetDependency section */
		BE27340A1F744C17004A7D66 /* PBXTargetDependency */ = {
			isa = PBXTargetDependency;
			target = BE2733F31F744C17004A7D66 /* MBTodo */;
			targetProxy = BE2734091F744C17004A7D66 /* PBXContainerItemProxy */;
		};
		BE2734151F744C17004A7D66 /* PBXTargetDependency */ = {
			isa = PBXTargetDependency;
			target = BE2733F31F744C17004A7D66 /* MBTodo */;
			targetProxy = BE2734141F744C17004A7D66 /* PBXContainerItemProxy */;
		};
/* End PBXTargetDependency section */

/* Begin PBXVariantGroup section */
		BE2733FB1F744C17004A7D66 /* Main.storyboard */ = {
			isa = PBXVariantGroup;
			children = (
				BE2733FC1F744C17004A7D66 /* Base */,
			);
			name = Main.storyboard;
			sourceTree = "<group>";
		};
		BE2734001F744C17004A7D66 /* LaunchScreen.storyboard */ = {
			isa = PBXVariantGroup;
			children = (
				BE2734011F744C17004A7D66 /* Base */,
			);
			name = LaunchScreen.storyboard;
			sourceTree = "<group>";
		};
/* End PBXVariantGroup section */

/* Begin XCBuildConfiguration section */
		BE27341A1F744C17004A7D66 /* Debug */ = {
			isa = XCBuildConfiguration;
			buildSettings = {
				ALWAYS_SEARCH_USER_PATHS = NO;
				CLANG_ANALYZER_NONNULL = YES;
				CLANG_ANALYZER_NUMBER_OBJECT_CONVERSION = YES_AGGRESSIVE;
				CLANG_CXX_LANGUAGE_STANDARD = "gnu++0x";
				CLANG_CXX_LIBRARY = "libc++";
				CLANG_ENABLE_MODULES = YES;
				CLANG_ENABLE_OBJC_ARC = YES;
				CLANG_WARN_BOOL_CONVERSION = YES;
				CLANG_WARN_CONSTANT_CONVERSION = YES;
				CLANG_WARN_DIRECT_OBJC_ISA_USAGE = YES_ERROR;
				CLANG_WARN_DOCUMENTATION_COMMENTS = YES;
				CLANG_WARN_EMPTY_BODY = YES;
				CLANG_WARN_ENUM_CONVERSION = YES;
				CLANG_WARN_INFINITE_RECURSION = YES;
				CLANG_WARN_INT_CONVERSION = YES;
				CLANG_WARN_OBJC_ROOT_CLASS = YES_ERROR;
				CLANG_WARN_SUSPICIOUS_MOVE = YES;
				CLANG_WARN_UNREACHABLE_CODE = YES;
				CLANG_WARN__DUPLICATE_METHOD_MATCH = YES;
				"CODE_SIGN_IDENTITY[sdk=iphoneos*]" = "iPhone Developer";
				COPY_PHASE_STRIP = NO;
				DEBUG_INFORMATION_FORMAT = dwarf;
				ENABLE_STRICT_OBJC_MSGSEND = YES;
				ENABLE_TESTABILITY = YES;
				GCC_C_LANGUAGE_STANDARD = gnu99;
				GCC_DYNAMIC_NO_PIC = NO;
				GCC_NO_COMMON_BLOCKS = YES;
				GCC_OPTIMIZATION_LEVEL = 0;
				GCC_PREPROCESSOR_DEFINITIONS = (
					"DEBUG=1",
					"$(inherited)",
				);
				GCC_WARN_64_TO_32_BIT_CONVERSION = YES;
				GCC_WARN_ABOUT_RETURN_TYPE = YES_ERROR;
				GCC_WARN_UNDECLARED_SELECTOR = YES;
				GCC_WARN_UNINITIALIZED_AUTOS = YES_AGGRESSIVE;
				GCC_WARN_UNUSED_FUNCTION = YES;
				GCC_WARN_UNUSED_VARIABLE = YES;
				IPHONEOS_DEPLOYMENT_TARGET = 10.3;
				MTL_ENABLE_DEBUG_INFO = YES;
				ONLY_ACTIVE_ARCH = YES;
				SDKROOT = iphoneos;
				SWIFT_ACTIVE_COMPILATION_CONDITIONS = DEBUG;
				SWIFT_OPTIMIZATION_LEVEL = "-Onone";
			};
			name = Debug;
		};
		BE27341B1F744C17004A7D66 /* Release */ = {
			isa = XCBuildConfiguration;
			buildSettings = {
				ALWAYS_SEARCH_USER_PATHS = NO;
				CLANG_ANALYZER_NONNULL = YES;
				CLANG_ANALYZER_NUMBER_OBJECT_CONVERSION = YES_AGGRESSIVE;
				CLANG_CXX_LANGUAGE_STANDARD = "gnu++0x";
				CLANG_CXX_LIBRARY = "libc++";
				CLANG_ENABLE_MODULES = YES;
				CLANG_ENABLE_OBJC_ARC = YES;
				CLANG_WARN_BOOL_CONVERSION = YES;
				CLANG_WARN_CONSTANT_CONVERSION = YES;
				CLANG_WARN_DIRECT_OBJC_ISA_USAGE = YES_ERROR;
				CLANG_WARN_DOCUMENTATION_COMMENTS = YES;
				CLANG_WARN_EMPTY_BODY = YES;
				CLANG_WARN_ENUM_CONVERSION = YES;
				CLANG_WARN_INFINITE_RECURSION = YES;
				CLANG_WARN_INT_CONVERSION = YES;
				CLANG_WARN_OBJC_ROOT_CLASS = YES_ERROR;
				CLANG_WARN_SUSPICIOUS_MOVE = YES;
				CLANG_WARN_UNREACHABLE_CODE = YES;
				CLANG_WARN__DUPLICATE_METHOD_MATCH = YES;
				"CODE_SIGN_IDENTITY[sdk=iphoneos*]" = "iPhone Developer";
				COPY_PHASE_STRIP = NO;
				DEBUG_INFORMATION_FORMAT = "dwarf-with-dsym";
				ENABLE_NS_ASSERTIONS = NO;
				ENABLE_STRICT_OBJC_MSGSEND = YES;
				GCC_C_LANGUAGE_STANDARD = gnu99;
				GCC_NO_COMMON_BLOCKS = YES;
				GCC_WARN_64_TO_32_BIT_CONVERSION = YES;
				GCC_WARN_ABOUT_RETURN_TYPE = YES_ERROR;
				GCC_WARN_UNDECLARED_SELECTOR = YES;
				GCC_WARN_UNINITIALIZED_AUTOS = YES_AGGRESSIVE;
				GCC_WARN_UNUSED_FUNCTION = YES;
				GCC_WARN_UNUSED_VARIABLE = YES;
				IPHONEOS_DEPLOYMENT_TARGET = 10.3;
				MTL_ENABLE_DEBUG_INFO = NO;
				SDKROOT = iphoneos;
				SWIFT_OPTIMIZATION_LEVEL = "-Owholemodule";
				VALIDATE_PRODUCT = YES;
			};
			name = Release;
		};
		BE27341D1F744C17004A7D66 /* Debug */ = {
			isa = XCBuildConfiguration;
			baseConfigurationReference = 674131A9E625A3AACD6FDCD8 /* Pods-MBTodo.debug.xcconfig */;
			buildSettings = {
				ASSETCATALOG_COMPILER_APPICON_NAME = AppIcon;
				DEVELOPMENT_TEAM = U5FH5JR68H;
				INFOPLIST_FILE = MBTodo/Info.plist;
				IPHONEOS_DEPLOYMENT_TARGET = 10.3;
				LD_RUNPATH_SEARCH_PATHS = "$(inherited) @executable_path/Frameworks";
				PRODUCT_BUNDLE_IDENTIFIER = com.mb.MBTodo;
				PRODUCT_NAME = "$(TARGET_NAME)";
				SWIFT_VERSION = 3.0;
			};
			name = Debug;
		};
		BE27341E1F744C17004A7D66 /* Release */ = {
			isa = XCBuildConfiguration;
			baseConfigurationReference = 9C0659D2CDE646732FC0090F /* Pods-MBTodo.release.xcconfig */;
			buildSettings = {
				ASSETCATALOG_COMPILER_APPICON_NAME = AppIcon;
				DEVELOPMENT_TEAM = U5FH5JR68H;
				INFOPLIST_FILE = MBTodo/Info.plist;
				IPHONEOS_DEPLOYMENT_TARGET = 10.3;
				LD_RUNPATH_SEARCH_PATHS = "$(inherited) @executable_path/Frameworks";
				PRODUCT_BUNDLE_IDENTIFIER = com.mb.MBTodo;
				PRODUCT_NAME = "$(TARGET_NAME)";
				SWIFT_VERSION = 3.0;
			};
			name = Release;
		};
		BE2734201F744C17004A7D66 /* Debug */ = {
			isa = XCBuildConfiguration;
			baseConfigurationReference = 11A4D28B498A877FD1CA2C4A /* Pods-MBTodoTests.debug.xcconfig */;
			buildSettings = {
				ALWAYS_EMBED_SWIFT_STANDARD_LIBRARIES = YES;
				BUNDLE_LOADER = "$(TEST_HOST)";
				INFOPLIST_FILE = MBTodoTests/Info.plist;
				LD_RUNPATH_SEARCH_PATHS = "$(inherited) @executable_path/Frameworks @loader_path/Frameworks";
				PRODUCT_BUNDLE_IDENTIFIER = com.mb.MBTodoTests;
				PRODUCT_NAME = "$(TARGET_NAME)";
				SWIFT_VERSION = 3.0;
				TEST_HOST = "$(BUILT_PRODUCTS_DIR)/MBTodo.app/MBTodo";
			};
			name = Debug;
		};
		BE2734211F744C17004A7D66 /* Release */ = {
			isa = XCBuildConfiguration;
			baseConfigurationReference = 4BF894B289E3F14020041CE0 /* Pods-MBTodoTests.release.xcconfig */;
			buildSettings = {
				ALWAYS_EMBED_SWIFT_STANDARD_LIBRARIES = YES;
				BUNDLE_LOADER = "$(TEST_HOST)";
				INFOPLIST_FILE = MBTodoTests/Info.plist;
				LD_RUNPATH_SEARCH_PATHS = "$(inherited) @executable_path/Frameworks @loader_path/Frameworks";
				PRODUCT_BUNDLE_IDENTIFIER = com.mb.MBTodoTests;
				PRODUCT_NAME = "$(TARGET_NAME)";
				SWIFT_VERSION = 3.0;
				TEST_HOST = "$(BUILT_PRODUCTS_DIR)/MBTodo.app/MBTodo";
			};
			name = Release;
		};
		BE2734231F744C17004A7D66 /* Debug */ = {
			isa = XCBuildConfiguration;
			baseConfigurationReference = 6380BFA8E6421ED823ECCE07 /* Pods-MBTodoUITests.debug.xcconfig */;
			buildSettings = {
				ALWAYS_EMBED_SWIFT_STANDARD_LIBRARIES = YES;
				INFOPLIST_FILE = MBTodoUITests/Info.plist;
				LD_RUNPATH_SEARCH_PATHS = "$(inherited) @executable_path/Frameworks @loader_path/Frameworks";
				PRODUCT_BUNDLE_IDENTIFIER = com.mb.MBTodoUITests;
				PRODUCT_NAME = "$(TARGET_NAME)";
				SWIFT_VERSION = 3.0;
				TEST_TARGET_NAME = MBTodo;
			};
			name = Debug;
		};
		BE2734241F744C17004A7D66 /* Release */ = {
			isa = XCBuildConfiguration;
			baseConfigurationReference = 4F6DA794955F94415BA3B18F /* Pods-MBTodoUITests.release.xcconfig */;
			buildSettings = {
				ALWAYS_EMBED_SWIFT_STANDARD_LIBRARIES = YES;
				INFOPLIST_FILE = MBTodoUITests/Info.plist;
				LD_RUNPATH_SEARCH_PATHS = "$(inherited) @executable_path/Frameworks @loader_path/Frameworks";
				PRODUCT_BUNDLE_IDENTIFIER = com.mb.MBTodoUITests;
				PRODUCT_NAME = "$(TARGET_NAME)";
				SWIFT_VERSION = 3.0;
				TEST_TARGET_NAME = MBTodo;
			};
			name = Release;
		};
/* End XCBuildConfiguration section */

/* Begin XCConfigurationList section */
		BE2733EF1F744C17004A7D66 /* Build configuration list for PBXProject "MBTodo" */ = {
			isa = XCConfigurationList;
			buildConfigurations = (
				BE27341A1F744C17004A7D66 /* Debug */,
				BE27341B1F744C17004A7D66 /* Release */,
			);
			defaultConfigurationIsVisible = 0;
			defaultConfigurationName = Release;
		};
		BE27341C1F744C17004A7D66 /* Build configuration list for PBXNativeTarget "MBTodo" */ = {
			isa = XCConfigurationList;
			buildConfigurations = (
				BE27341D1F744C17004A7D66 /* Debug */,
				BE27341E1F744C17004A7D66 /* Release */,
			);
			defaultConfigurationIsVisible = 0;
			defaultConfigurationName = Release;
		};
		BE27341F1F744C17004A7D66 /* Build configuration list for PBXNativeTarget "MBTodoTests" */ = {
			isa = XCConfigurationList;
			buildConfigurations = (
				BE2734201F744C17004A7D66 /* Debug */,
				BE2734211F744C17004A7D66 /* Release */,
			);
			defaultConfigurationIsVisible = 0;
			defaultConfigurationName = Release;
		};
		BE2734221F744C17004A7D66 /* Build configuration list for PBXNativeTarget "MBTodoUITests" */ = {
			isa = XCConfigurationList;
			buildConfigurations = (
				BE2734231F744C17004A7D66 /* Debug */,
				BE2734241F744C17004A7D66 /* Release */,
			);
			defaultConfigurationIsVisible = 0;
			defaultConfigurationName = Release;
		};
/* End XCConfigurationList section */
	};
	rootObject = BE2733EC1F744C17004A7D66 /* Project object */;
}
